// !$*UTF8*$!
{
	archiveVersion = 1;
	classes = {
	};
	objectVersion = 56;
	objects = {

/* Begin PBXBuildFile section */
		DC9924EE29FABC5300FC3D87 /* AppDelegate.swift in Sources */ = {isa = PBXBuildFile; fileRef = DC9924ED29FABC5300FC3D87 /* AppDelegate.swift */; };
		DC9924F029FABC5300FC3D87 /* SceneDelegate.swift in Sources */ = {isa = PBXBuildFile; fileRef = DC9924EF29FABC5300FC3D87 /* SceneDelegate.swift */; };
		DC9924F229FABC5300FC3D87 /* UserViewController.swift in Sources */ = {isa = PBXBuildFile; fileRef = DC9924F129FABC5300FC3D87 /* UserViewController.swift */; };
		DC9924F729FABC5400FC3D87 /* Assets.xcassets in Resources */ = {isa = PBXBuildFile; fileRef = DC9924F629FABC5400FC3D87 /* Assets.xcassets */; };
		DC9924FA29FABC5400FC3D87 /* LaunchScreen.storyboard in Resources */ = {isa = PBXBuildFile; fileRef = DC9924F829FABC5400FC3D87 /* LaunchScreen.storyboard */; };
		DC99250529FABC5400FC3D87 /* ProtocolOrientedUIKitTests.swift in Sources */ = {isa = PBXBuildFile; fileRef = DC99250429FABC5400FC3D87 /* ProtocolOrientedUIKitTests.swift */; };
		DC99250F29FABC5400FC3D87 /* ProtocolOrientedUIKitUITests.swift in Sources */ = {isa = PBXBuildFile; fileRef = DC99250E29FABC5400FC3D87 /* ProtocolOrientedUIKitUITests.swift */; };
		DC99251129FABC5400FC3D87 /* ProtocolOrientedUIKitUITestsLaunchTests.swift in Sources */ = {isa = PBXBuildFile; fileRef = DC99251029FABC5400FC3D87 /* ProtocolOrientedUIKitUITestsLaunchTests.swift */; };
		DC99252129FAC0E100FC3D87 /* User.swift in Sources */ = {isa = PBXBuildFile; fileRef = DC99252029FAC0E100FC3D87 /* User.swift */; };
		DC99252329FAC12500FC3D87 /* APIManager.swift in Sources */ = {isa = PBXBuildFile; fileRef = DC99252229FAC12500FC3D87 /* APIManager.swift */; };
		DC99252629FAC47100FC3D87 /* UserViewModel.swift in Sources */ = {isa = PBXBuildFile; fileRef = DC99252529FAC47100FC3D87 /* UserViewModel.swift */; };
		DC99252929FAC51000FC3D87 /* UserService.swift in Sources */ = {isa = PBXBuildFile; fileRef = DC99252829FAC51000FC3D87 /* UserService.swift */; };
		DC99252B29FAC70600FC3D87 /* UserViewModelOutput.swift in Sources */ = {isa = PBXBuildFile; fileRef = DC99252A29FAC70600FC3D87 /* UserViewModelOutput.swift */; };
/* End PBXBuildFile section */

/* Begin PBXContainerItemProxy section */
		DC99250129FABC5400FC3D87 /* PBXContainerItemProxy */ = {
			isa = PBXContainerItemProxy;
			containerPortal = DC9924E229FABC5300FC3D87 /* Project object */;
			proxyType = 1;
			remoteGlobalIDString = DC9924E929FABC5300FC3D87;
			remoteInfo = ProtocolOrientedUIKit;
		};
		DC99250B29FABC5400FC3D87 /* PBXContainerItemProxy */ = {
			isa = PBXContainerItemProxy;
			containerPortal = DC9924E229FABC5300FC3D87 /* Project object */;
			proxyType = 1;
			remoteGlobalIDString = DC9924E929FABC5300FC3D87;
			remoteInfo = ProtocolOrientedUIKit;
		};
/* End PBXContainerItemProxy section */

/* Begin PBXFileReference section */
		DC9924EA29FABC5300FC3D87 /* ProtocolOrientedUIKit.app */ = {isa = PBXFileReference; explicitFileType = wrapper.application; includeInIndex = 0; path = ProtocolOrientedUIKit.app; sourceTree = BUILT_PRODUCTS_DIR; };
		DC9924ED29FABC5300FC3D87 /* AppDelegate.swift */ = {isa = PBXFileReference; lastKnownFileType = sourcecode.swift; path = AppDelegate.swift; sourceTree = "<group>"; };
		DC9924EF29FABC5300FC3D87 /* SceneDelegate.swift */ = {isa = PBXFileReference; lastKnownFileType = sourcecode.swift; path = SceneDelegate.swift; sourceTree = "<group>"; };
		DC9924F129FABC5300FC3D87 /* UserViewController.swift */ = {isa = PBXFileReference; lastKnownFileType = sourcecode.swift; path = UserViewController.swift; sourceTree = "<group>"; };
		DC9924F629FABC5400FC3D87 /* Assets.xcassets */ = {isa = PBXFileReference; lastKnownFileType = folder.assetcatalog; path = Assets.xcassets; sourceTree = "<group>"; };
		DC9924F929FABC5400FC3D87 /* Base */ = {isa = PBXFileReference; lastKnownFileType = file.storyboard; name = Base; path = Base.lproj/LaunchScreen.storyboard; sourceTree = "<group>"; };
		DC9924FB29FABC5400FC3D87 /* Info.plist */ = {isa = PBXFileReference; lastKnownFileType = text.plist.xml; path = Info.plist; sourceTree = "<group>"; };
		DC99250029FABC5400FC3D87 /* ProtocolOrientedUIKitTests.xctest */ = {isa = PBXFileReference; explicitFileType = wrapper.cfbundle; includeInIndex = 0; path = ProtocolOrientedUIKitTests.xctest; sourceTree = BUILT_PRODUCTS_DIR; };
		DC99250429FABC5400FC3D87 /* ProtocolOrientedUIKitTests.swift */ = {isa = PBXFileReference; lastKnownFileType = sourcecode.swift; path = ProtocolOrientedUIKitTests.swift; sourceTree = "<group>"; };
		DC99250A29FABC5400FC3D87 /* ProtocolOrientedUIKitUITests.xctest */ = {isa = PBXFileReference; explicitFileType = wrapper.cfbundle; includeInIndex = 0; path = ProtocolOrientedUIKitUITests.xctest; sourceTree = BUILT_PRODUCTS_DIR; };
		DC99250E29FABC5400FC3D87 /* ProtocolOrientedUIKitUITests.swift */ = {isa = PBXFileReference; lastKnownFileType = sourcecode.swift; path = ProtocolOrientedUIKitUITests.swift; sourceTree = "<group>"; };
		DC99251029FABC5400FC3D87 /* ProtocolOrientedUIKitUITestsLaunchTests.swift */ = {isa = PBXFileReference; lastKnownFileType = sourcecode.swift; path = ProtocolOrientedUIKitUITestsLaunchTests.swift; sourceTree = "<group>"; };
		DC99252029FAC0E100FC3D87 /* User.swift */ = {isa = PBXFileReference; lastKnownFileType = sourcecode.swift; path = User.swift; sourceTree = "<group>"; };
		DC99252229FAC12500FC3D87 /* APIManager.swift */ = {isa = PBXFileReference; lastKnownFileType = sourcecode.swift; path = APIManager.swift; sourceTree = "<group>"; };
		DC99252529FAC47100FC3D87 /* UserViewModel.swift */ = {isa = PBXFileReference; lastKnownFileType = sourcecode.swift; path = UserViewModel.swift; sourceTree = "<group>"; };
		DC99252829FAC51000FC3D87 /* UserService.swift */ = {isa = PBXFileReference; lastKnownFileType = sourcecode.swift; path = UserService.swift; sourceTree = "<group>"; };
		DC99252A29FAC70600FC3D87 /* UserViewModelOutput.swift */ = {isa = PBXFileReference; lastKnownFileType = sourcecode.swift; path = UserViewModelOutput.swift; sourceTree = "<group>"; };
/* End PBXFileReference section */

/* Begin PBXFrameworksBuildPhase section */
		DC9924E729FABC5300FC3D87 /* Frameworks */ = {
			isa = PBXFrameworksBuildPhase;
			buildActionMask = 2147483647;
			files = (
			);
			runOnlyForDeploymentPostprocessing = 0;
		};
		DC9924FD29FABC5400FC3D87 /* Frameworks */ = {
			isa = PBXFrameworksBuildPhase;
			buildActionMask = 2147483647;
			files = (
			);
			runOnlyForDeploymentPostprocessing = 0;
		};
		DC99250729FABC5400FC3D87 /* Frameworks */ = {
			isa = PBXFrameworksBuildPhase;
			buildActionMask = 2147483647;
			files = (
			);
			runOnlyForDeploymentPostprocessing = 0;
		};
/* End PBXFrameworksBuildPhase section */

/* Begin PBXGroup section */
		DC9924E129FABC5300FC3D87 = {
			isa = PBXGroup;
			children = (
				DC9924EC29FABC5300FC3D87 /* ProtocolOrientedUIKit */,
				DC99250329FABC5400FC3D87 /* ProtocolOrientedUIKitTests */,
				DC99250D29FABC5400FC3D87 /* ProtocolOrientedUIKitUITests */,
				DC9924EB29FABC5300FC3D87 /* Products */,
			);
			sourceTree = "<group>";
		};
		DC9924EB29FABC5300FC3D87 /* Products */ = {
			isa = PBXGroup;
			children = (
				DC9924EA29FABC5300FC3D87 /* ProtocolOrientedUIKit.app */,
				DC99250029FABC5400FC3D87 /* ProtocolOrientedUIKitTests.xctest */,
				DC99250A29FABC5400FC3D87 /* ProtocolOrientedUIKitUITests.xctest */,
			);
			name = Products;
			sourceTree = "<group>";
		};
		DC9924EC29FABC5300FC3D87 /* ProtocolOrientedUIKit */ = {
			isa = PBXGroup;
			children = (
				DC99252429FAC45D00FC3D87 /* ViewModel */,
				DC99251F29FAC0BB00FC3D87 /* Model */,
				DC99251E29FAC0A300FC3D87 /* Service */,
				DC99251D29FAC08A00FC3D87 /* View */,
				DC9924ED29FABC5300FC3D87 /* AppDelegate.swift */,
				DC9924EF29FABC5300FC3D87 /* SceneDelegate.swift */,
				DC9924F629FABC5400FC3D87 /* Assets.xcassets */,
				DC9924F829FABC5400FC3D87 /* LaunchScreen.storyboard */,
				DC9924FB29FABC5400FC3D87 /* Info.plist */,
			);
			path = ProtocolOrientedUIKit;
			sourceTree = "<group>";
		};
		DC99250329FABC5400FC3D87 /* ProtocolOrientedUIKitTests */ = {
			isa = PBXGroup;
			children = (
				DC99250429FABC5400FC3D87 /* ProtocolOrientedUIKitTests.swift */,
			);
			path = ProtocolOrientedUIKitTests;
			sourceTree = "<group>";
		};
		DC99250D29FABC5400FC3D87 /* ProtocolOrientedUIKitUITests */ = {
			isa = PBXGroup;
			children = (
				DC99250E29FABC5400FC3D87 /* ProtocolOrientedUIKitUITests.swift */,
				DC99251029FABC5400FC3D87 /* ProtocolOrientedUIKitUITestsLaunchTests.swift */,
			);
			path = ProtocolOrientedUIKitUITests;
			sourceTree = "<group>";
		};
		DC99251D29FAC08A00FC3D87 /* View */ = {
			isa = PBXGroup;
			children = (
				DC9924F129FABC5300FC3D87 /* UserViewController.swift */,
			);
			path = View;
			sourceTree = "<group>";
		};
		DC99251E29FAC0A300FC3D87 /* Service */ = {
			isa = PBXGroup;
			children = (
				DC99252229FAC12500FC3D87 /* APIManager.swift */,
				DC99252829FAC51000FC3D87 /* UserService.swift */,
			);
			path = Service;
			sourceTree = "<group>";
		};
		DC99251F29FAC0BB00FC3D87 /* Model */ = {
			isa = PBXGroup;
			children = (
				DC99252029FAC0E100FC3D87 /* User.swift */,
			);
			path = Model;
			sourceTree = "<group>";
		};
		DC99252429FAC45D00FC3D87 /* ViewModel */ = {
			isa = PBXGroup;
			children = (
				DC99252529FAC47100FC3D87 /* UserViewModel.swift */,
				DC99252A29FAC70600FC3D87 /* UserViewModelOutput.swift */,
			);
			path = ViewModel;
			sourceTree = "<group>";
		};
/* End PBXGroup section */

/* Begin PBXNativeTarget section */
		DC9924E929FABC5300FC3D87 /* ProtocolOrientedUIKit */ = {
			isa = PBXNativeTarget;
			buildConfigurationList = DC99251429FABC5400FC3D87 /* Build configuration list for PBXNativeTarget "ProtocolOrientedUIKit" */;
			buildPhases = (
				DC9924E629FABC5300FC3D87 /* Sources */,
				DC9924E729FABC5300FC3D87 /* Frameworks */,
				DC9924E829FABC5300FC3D87 /* Resources */,
			);
			buildRules = (
			);
			dependencies = (
			);
			name = ProtocolOrientedUIKit;
			productName = ProtocolOrientedUIKit;
			productReference = DC9924EA29FABC5300FC3D87 /* ProtocolOrientedUIKit.app */;
			productType = "com.apple.product-type.application";
		};
		DC9924FF29FABC5400FC3D87 /* ProtocolOrientedUIKitTests */ = {
			isa = PBXNativeTarget;
			buildConfigurationList = DC99251729FABC5400FC3D87 /* Build configuration list for PBXNativeTarget "ProtocolOrientedUIKitTests" */;
			buildPhases = (
				DC9924FC29FABC5400FC3D87 /* Sources */,
				DC9924FD29FABC5400FC3D87 /* Frameworks */,
				DC9924FE29FABC5400FC3D87 /* Resources */,
			);
			buildRules = (
			);
			dependencies = (
				DC99250229FABC5400FC3D87 /* PBXTargetDependency */,
			);
			name = ProtocolOrientedUIKitTests;
			productName = ProtocolOrientedUIKitTests;
			productReference = DC99250029FABC5400FC3D87 /* ProtocolOrientedUIKitTests.xctest */;
			productType = "com.apple.product-type.bundle.unit-test";
		};
		DC99250929FABC5400FC3D87 /* ProtocolOrientedUIKitUITests */ = {
			isa = PBXNativeTarget;
			buildConfigurationList = DC99251A29FABC5400FC3D87 /* Build configuration list for PBXNativeTarget "ProtocolOrientedUIKitUITests" */;
			buildPhases = (
				DC99250629FABC5400FC3D87 /* Sources */,
				DC99250729FABC5400FC3D87 /* Frameworks */,
				DC99250829FABC5400FC3D87 /* Resources */,
			);
			buildRules = (
			);
			dependencies = (
				DC99250C29FABC5400FC3D87 /* PBXTargetDependency */,
			);
			name = ProtocolOrientedUIKitUITests;
			productName = ProtocolOrientedUIKitUITests;
			productReference = DC99250A29FABC5400FC3D87 /* ProtocolOrientedUIKitUITests.xctest */;
			productType = "com.apple.product-type.bundle.ui-testing";
		};
/* End PBXNativeTarget section */

/* Begin PBXProject section */
		DC9924E229FABC5300FC3D87 /* Project object */ = {
			isa = PBXProject;
			attributes = {
				BuildIndependentTargetsInParallel = 1;
				LastSwiftUpdateCheck = 1430;
				LastUpgradeCheck = 1430;
				TargetAttributes = {
					DC9924E929FABC5300FC3D87 = {
						CreatedOnToolsVersion = 14.3;
					};
					DC9924FF29FABC5400FC3D87 = {
						CreatedOnToolsVersion = 14.3;
						TestTargetID = DC9924E929FABC5300FC3D87;
					};
					DC99250929FABC5400FC3D87 = {
						CreatedOnToolsVersion = 14.3;
						TestTargetID = DC9924E929FABC5300FC3D87;
					};
				};
			};
			buildConfigurationList = DC9924E529FABC5300FC3D87 /* Build configuration list for PBXProject "ProtocolOrientedUIKit" */;
			compatibilityVersion = "Xcode 14.0";
			developmentRegion = en;
			hasScannedForEncodings = 0;
			knownRegions = (
				en,
				Base,
			);
			mainGroup = DC9924E129FABC5300FC3D87;
			productRefGroup = DC9924EB29FABC5300FC3D87 /* Products */;
			projectDirPath = "";
			projectRoot = "";
			targets = (
				DC9924E929FABC5300FC3D87 /* ProtocolOrientedUIKit */,
				DC9924FF29FABC5400FC3D87 /* ProtocolOrientedUIKitTests */,
				DC99250929FABC5400FC3D87 /* ProtocolOrientedUIKitUITests */,
			);
		};
/* End PBXProject section */

/* Begin PBXResourcesBuildPhase section */
		DC9924E829FABC5300FC3D87 /* Resources */ = {
			isa = PBXResourcesBuildPhase;
			buildActionMask = 2147483647;
			files = (
				DC9924FA29FABC5400FC3D87 /* LaunchScreen.storyboard in Resources */,
				DC9924F729FABC5400FC3D87 /* Assets.xcassets in Resources */,
			);
			runOnlyForDeploymentPostprocessing = 0;
		};
		DC9924FE29FABC5400FC3D87 /* Resources */ = {
			isa = PBXResourcesBuildPhase;
			buildActionMask = 2147483647;
			files = (
			);
			runOnlyForDeploymentPostprocessing = 0;
		};
		DC99250829FABC5400FC3D87 /* Resources */ = {
			isa = PBXResourcesBuildPhase;
			buildActionMask = 2147483647;
			files = (
			);
			runOnlyForDeploymentPostprocessing = 0;
		};
/* End PBXResourcesBuildPhase section */

/* Begin PBXSourcesBuildPhase section */
		DC9924E629FABC5300FC3D87 /* Sources */ = {
			isa = PBXSourcesBuildPhase;
			buildActionMask = 2147483647;
			files = (
				DC99252B29FAC70600FC3D87 /* UserViewModelOutput.swift in Sources */,
				DC99252929FAC51000FC3D87 /* UserService.swift in Sources */,
				DC99252129FAC0E100FC3D87 /* User.swift in Sources */,
				DC99252629FAC47100FC3D87 /* UserViewModel.swift in Sources */,
				DC9924F229FABC5300FC3D87 /* UserViewController.swift in Sources */,
				DC99252329FAC12500FC3D87 /* APIManager.swift in Sources */,
				DC9924EE29FABC5300FC3D87 /* AppDelegate.swift in Sources */,
				DC9924F029FABC5300FC3D87 /* SceneDelegate.swift in Sources */,
			);
			runOnlyForDeploymentPostprocessing = 0;
		};
		DC9924FC29FABC5400FC3D87 /* Sources */ = {
			isa = PBXSourcesBuildPhase;
			buildActionMask = 2147483647;
			files = (
				DC99250529FABC5400FC3D87 /* ProtocolOrientedUIKitTests.swift in Sources */,
			);
			runOnlyForDeploymentPostprocessing = 0;
		};
		DC99250629FABC5400FC3D87 /* Sources */ = {
			isa = PBXSourcesBuildPhase;
			buildActionMask = 2147483647;
			files = (
				DC99250F29FABC5400FC3D87 /* ProtocolOrientedUIKitUITests.swift in Sources */,
				DC99251129FABC5400FC3D87 /* ProtocolOrientedUIKitUITestsLaunchTests.swift in Sources */,
			);
			runOnlyForDeploymentPostprocessing = 0;
		};
/* End PBXSourcesBuildPhase section */

/* Begin PBXTargetDependency section */
		DC99250229FABC5400FC3D87 /* PBXTargetDependency */ = {
			isa = PBXTargetDependency;
			target = DC9924E929FABC5300FC3D87 /* ProtocolOrientedUIKit */;
			targetProxy = DC99250129FABC5400FC3D87 /* PBXContainerItemProxy */;
		};
		DC99250C29FABC5400FC3D87 /* PBXTargetDependency */ = {
			isa = PBXTargetDependency;
			target = DC9924E929FABC5300FC3D87 /* ProtocolOrientedUIKit */;
			targetProxy = DC99250B29FABC5400FC3D87 /* PBXContainerItemProxy */;
		};
/* End PBXTargetDependency section */

/* Begin PBXVariantGroup section */
		DC9924F829FABC5400FC3D87 /* LaunchScreen.storyboard */ = {
			isa = PBXVariantGroup;
			children = (
				DC9924F929FABC5400FC3D87 /* Base */,
			);
			name = LaunchScreen.storyboard;
			sourceTree = "<group>";
		};
/* End PBXVariantGroup section */

/* Begin XCBuildConfiguration section */
		DC99251229FABC5400FC3D87 /* Debug */ = {
			isa = XCBuildConfiguration;
			buildSettings = {
				ALWAYS_SEARCH_USER_PATHS = NO;
				CLANG_ANALYZER_NONNULL = YES;
				CLANG_ANALYZER_NUMBER_OBJECT_CONVERSION = YES_AGGRESSIVE;
				CLANG_CXX_LANGUAGE_STANDARD = "gnu++20";
				CLANG_ENABLE_MODULES = YES;
				CLANG_ENABLE_OBJC_ARC = YES;
				CLANG_ENABLE_OBJC_WEAK = YES;
				CLANG_WARN_BLOCK_CAPTURE_AUTORELEASING = YES;
				CLANG_WARN_BOOL_CONVERSION = YES;
				CLANG_WARN_COMMA = YES;
				CLANG_WARN_CONSTANT_CONVERSION = YES;
				CLANG_WARN_DEPRECATED_OBJC_IMPLEMENTATIONS = YES;
				CLANG_WARN_DIRECT_OBJC_ISA_USAGE = YES_ERROR;
				CLANG_WARN_DOCUMENTATION_COMMENTS = YES;
				CLANG_WARN_EMPTY_BODY = YES;
				CLANG_WARN_ENUM_CONVERSION = YES;
				CLANG_WARN_INFINITE_RECURSION = YES;
				CLANG_WARN_INT_CONVERSION = YES;
				CLANG_WARN_NON_LITERAL_NULL_CONVERSION = YES;
				CLANG_WARN_OBJC_IMPLICIT_RETAIN_SELF = YES;
				CLANG_WARN_OBJC_LITERAL_CONVERSION = YES;
				CLANG_WARN_OBJC_ROOT_CLASS = YES_ERROR;
				CLANG_WARN_QUOTED_INCLUDE_IN_FRAMEWORK_HEADER = YES;
				CLANG_WARN_RANGE_LOOP_ANALYSIS = YES;
				CLANG_WARN_STRICT_PROTOTYPES = YES;
				CLANG_WARN_SUSPICIOUS_MOVE = YES;
				CLANG_WARN_UNGUARDED_AVAILABILITY = YES_AGGRESSIVE;
				CLANG_WARN_UNREACHABLE_CODE = YES;
				CLANG_WARN__DUPLICATE_METHOD_MATCH = YES;
				COPY_PHASE_STRIP = NO;
				DEBUG_INFORMATION_FORMAT = dwarf;
				ENABLE_STRICT_OBJC_MSGSEND = YES;
				ENABLE_TESTABILITY = YES;
				GCC_C_LANGUAGE_STANDARD = gnu11;
				GCC_DYNAMIC_NO_PIC = NO;
				GCC_NO_COMMON_BLOCKS = YES;
				GCC_OPTIMIZATION_LEVEL = 0;
				GCC_PREPROCESSOR_DEFINITIONS = (
					"DEBUG=1",
					"$(inherited)",
				);
				GCC_WARN_64_TO_32_BIT_CONVERSION = YES;
				GCC_WARN_ABOUT_RETURN_TYPE = YES_ERROR;
				GCC_WARN_UNDECLARED_SELECTOR = YES;
				GCC_WARN_UNINITIALIZED_AUTOS = YES_AGGRESSIVE;
				GCC_WARN_UNUSED_FUNCTION = YES;
				GCC_WARN_UNUSED_VARIABLE = YES;
				IPHONEOS_DEPLOYMENT_TARGET = 16.4;
				MTL_ENABLE_DEBUG_INFO = INCLUDE_SOURCE;
				MTL_FAST_MATH = YES;
				ONLY_ACTIVE_ARCH = YES;
				SDKROOT = iphoneos;
				SWIFT_ACTIVE_COMPILATION_CONDITIONS = DEBUG;
				SWIFT_OPTIMIZATION_LEVEL = "-Onone";
			};
			name = Debug;
		};
		DC99251329FABC5400FC3D87 /* Release */ = {
			isa = XCBuildConfiguration;
			buildSettings = {
				ALWAYS_SEARCH_USER_PATHS = NO;
				CLANG_ANALYZER_NONNULL = YES;
				CLANG_ANALYZER_NUMBER_OBJECT_CONVERSION = YES_AGGRESSIVE;
				CLANG_CXX_LANGUAGE_STANDARD = "gnu++20";
				CLANG_ENABLE_MODULES = YES;
				CLANG_ENABLE_OBJC_ARC = YES;
				CLANG_ENABLE_OBJC_WEAK = YES;
				CLANG_WARN_BLOCK_CAPTURE_AUTORELEASING = YES;
				CLANG_WARN_BOOL_CONVERSION = YES;
				CLANG_WARN_COMMA = YES;
				CLANG_WARN_CONSTANT_CONVERSION = YES;
				CLANG_WARN_DEPRECATED_OBJC_IMPLEMENTATIONS = YES;
				CLANG_WARN_DIRECT_OBJC_ISA_USAGE = YES_ERROR;
				CLANG_WARN_DOCUMENTATION_COMMENTS = YES;
				CLANG_WARN_EMPTY_BODY = YES;
				CLANG_WARN_ENUM_CONVERSION = YES;
				CLANG_WARN_INFINITE_RECURSION = YES;
				CLANG_WARN_INT_CONVERSION = YES;
				CLANG_WARN_NON_LITERAL_NULL_CONVERSION = YES;
				CLANG_WARN_OBJC_IMPLICIT_RETAIN_SELF = YES;
				CLANG_WARN_OBJC_LITERAL_CONVERSION = YES;
				CLANG_WARN_OBJC_ROOT_CLASS = YES_ERROR;
				CLANG_WARN_QUOTED_INCLUDE_IN_FRAMEWORK_HEADER = YES;
				CLANG_WARN_RANGE_LOOP_ANALYSIS = YES;
				CLANG_WARN_STRICT_PROTOTYPES = YES;
				CLANG_WARN_SUSPICIOUS_MOVE = YES;
				CLANG_WARN_UNGUARDED_AVAILABILITY = YES_AGGRESSIVE;
				CLANG_WARN_UNREACHABLE_CODE = YES;
				CLANG_WARN__DUPLICATE_METHOD_MATCH = YES;
				COPY_PHASE_STRIP = NO;
				DEBUG_INFORMATION_FORMAT = "dwarf-with-dsym";
				ENABLE_NS_ASSERTIONS = NO;
				ENABLE_STRICT_OBJC_MSGSEND = YES;
				GCC_C_LANGUAGE_STANDARD = gnu11;
				GCC_NO_COMMON_BLOCKS = YES;
				GCC_WARN_64_TO_32_BIT_CONVERSION = YES;
				GCC_WARN_ABOUT_RETURN_TYPE = YES_ERROR;
				GCC_WARN_UNDECLARED_SELECTOR = YES;
				GCC_WARN_UNINITIALIZED_AUTOS = YES_AGGRESSIVE;
				GCC_WARN_UNUSED_FUNCTION = YES;
				GCC_WARN_UNUSED_VARIABLE = YES;
				IPHONEOS_DEPLOYMENT_TARGET = 16.4;
				MTL_ENABLE_DEBUG_INFO = NO;
				MTL_FAST_MATH = YES;
				SDKROOT = iphoneos;
				SWIFT_COMPILATION_MODE = wholemodule;
				SWIFT_OPTIMIZATION_LEVEL = "-O";
				VALIDATE_PRODUCT = YES;
			};
			name = Release;
		};
		DC99251529FABC5400FC3D87 /* Debug */ = {
			isa = XCBuildConfiguration;
			buildSettings = {
				ASSETCATALOG_COMPILER_APPICON_NAME = AppIcon;
				ASSETCATALOG_COMPILER_GLOBAL_ACCENT_COLOR_NAME = AccentColor;
				CODE_SIGN_STYLE = Automatic;
				CURRENT_PROJECT_VERSION = 1;
				DEVELOPMENT_TEAM = 27976765KZ;
				GENERATE_INFOPLIST_FILE = YES;
				INFOPLIST_FILE = ProtocolOrientedUIKit/Info.plist;
				INFOPLIST_KEY_UIApplicationSupportsIndirectInputEvents = YES;
				INFOPLIST_KEY_UILaunchStoryboardName = LaunchScreen;
				INFOPLIST_KEY_UISupportedInterfaceOrientations_iPad = "UIInterfaceOrientationPortrait UIInterfaceOrientationPortraitUpsideDown UIInterfaceOrientationLandscapeLeft UIInterfaceOrientationLandscapeRight";
				INFOPLIST_KEY_UISupportedInterfaceOrientations_iPhone = "UIInterfaceOrientationPortrait UIInterfaceOrientationLandscapeLeft UIInterfaceOrientationLandscapeRight";
				LD_RUNPATH_SEARCH_PATHS = (
					"$(inherited)",
					"@executable_path/Frameworks",
				);
				MARKETING_VERSION = 1.0;
				PRODUCT_BUNDLE_IDENTIFIER = furkankeskin.ProtocolOrientedUIKit;
				PRODUCT_NAME = "$(TARGET_NAME)";
				SWIFT_EMIT_LOC_STRINGS = YES;
				SWIFT_VERSION = 5.0;
				TARGETED_DEVICE_FAMILY = "1,2";
			};
			name = Debug;
		};
		DC99251629FABC5400FC3D87 /* Release */ = {
			isa = XCBuildConfiguration;
			buildSettings = {
				ASSETCATALOG_COMPILER_APPICON_NAME = AppIcon;
				ASSETCATALOG_COMPILER_GLOBAL_ACCENT_COLOR_NAME = AccentColor;
				CODE_SIGN_STYLE = Automatic;
				CURRENT_PROJECT_VERSION = 1;
				DEVELOPMENT_TEAM = 27976765KZ;
				GENERATE_INFOPLIST_FILE = YES;
				INFOPLIST_FILE = ProtocolOrientedUIKit/Info.plist;
				INFOPLIST_KEY_UIApplicationSupportsIndirectInputEvents = YES;
				INFOPLIST_KEY_UILaunchStoryboardName = LaunchScreen;
				INFOPLIST_KEY_UISupportedInterfaceOrientations_iPad = "UIInterfaceOrientationPortrait UIInterfaceOrientationPortraitUpsideDown UIInterfaceOrientationLandscapeLeft UIInterfaceOrientationLandscapeRight";
				INFOPLIST_KEY_UISupportedInterfaceOrientations_iPhone = "UIInterfaceOrientationPortrait UIInterfaceOrientationLandscapeLeft UIInterfaceOrientationLandscapeRight";
				LD_RUNPATH_SEARCH_PATHS = (
					"$(inherited)",
					"@executable_path/Frameworks",
				);
				MARKETING_VERSION = 1.0;
				PRODUCT_BUNDLE_IDENTIFIER = furkankeskin.ProtocolOrientedUIKit;
				PRODUCT_NAME = "$(TARGET_NAME)";
				SWIFT_EMIT_LOC_STRINGS = YES;
				SWIFT_VERSION = 5.0;
				TARGETED_DEVICE_FAMILY = "1,2";
			};
			name = Release;
		};
		DC99251829FABC5400FC3D87 /* Debug */ = {
			isa = XCBuildConfiguration;
			buildSettings = {
				ALWAYS_EMBED_SWIFT_STANDARD_LIBRARIES = YES;
				BUNDLE_LOADER = "$(TEST_HOST)";
				CODE_SIGN_STYLE = Automatic;
				CURRENT_PROJECT_VERSION = 1;
				DEVELOPMENT_TEAM = 27976765KZ;
				GENERATE_INFOPLIST_FILE = YES;
				IPHONEOS_DEPLOYMENT_TARGET = 16.4;
				MARKETING_VERSION = 1.0;
				PRODUCT_BUNDLE_IDENTIFIER = furkankeskin.ProtocolOrientedUIKitTests;
				PRODUCT_NAME = "$(TARGET_NAME)";
				SWIFT_EMIT_LOC_STRINGS = NO;
				SWIFT_VERSION = 5.0;
				TARGETED_DEVICE_FAMILY = "1,2";
				TEST_HOST = "$(BUILT_PRODUCTS_DIR)/ProtocolOrientedUIKit.app/$(BUNDLE_EXECUTABLE_FOLDER_PATH)/ProtocolOrientedUIKit";
			};
			name = Debug;
		};
		DC99251929FABC5400FC3D87 /* Release */ = {
			isa = XCBuildConfiguration;
			buildSettings = {
				ALWAYS_EMBED_SWIFT_STANDARD_LIBRARIES = YES;
				BUNDLE_LOADER = "$(TEST_HOST)";
				CODE_SIGN_STYLE = Automatic;
				CURRENT_PROJECT_VERSION = 1;
				DEVELOPMENT_TEAM = 27976765KZ;
				GENERATE_INFOPLIST_FILE = YES;
				IPHONEOS_DEPLOYMENT_TARGET = 16.4;
				MARKETING_VERSION = 1.0;
				PRODUCT_BUNDLE_IDENTIFIER = furkankeskin.ProtocolOrientedUIKitTests;
				PRODUCT_NAME = "$(TARGET_NAME)";
				SWIFT_EMIT_LOC_STRINGS = NO;
				SWIFT_VERSION = 5.0;
				TARGETED_DEVICE_FAMILY = "1,2";
				TEST_HOST = "$(BUILT_PRODUCTS_DIR)/ProtocolOrientedUIKit.app/$(BUNDLE_EXECUTABLE_FOLDER_PATH)/ProtocolOrientedUIKit";
			};
			name = Release;
		};
		DC99251B29FABC5400FC3D87 /* Debug */ = {
			isa = XCBuildConfiguration;
			buildSettings = {
				ALWAYS_EMBED_SWIFT_STANDARD_LIBRARIES = YES;
				CODE_SIGN_STYLE = Automatic;
				CURRENT_PROJECT_VERSION = 1;
				DEVELOPMENT_TEAM = 27976765KZ;
				GENERATE_INFOPLIST_FILE = YES;
				MARKETING_VERSION = 1.0;
				PRODUCT_BUNDLE_IDENTIFIER = furkankeskin.ProtocolOrientedUIKitUITests;
				PRODUCT_NAME = "$(TARGET_NAME)";
				SWIFT_EMIT_LOC_STRINGS = NO;
				SWIFT_VERSION = 5.0;
				TARGETED_DEVICE_FAMILY = "1,2";
				TEST_TARGET_NAME = ProtocolOrientedUIKit;
			};
			name = Debug;
		};
		DC99251C29FABC5400FC3D87 /* Release */ = {
			isa = XCBuildConfiguration;
			buildSettings = {
				ALWAYS_EMBED_SWIFT_STANDARD_LIBRARIES = YES;
				CODE_SIGN_STYLE = Automatic;
				CURRENT_PROJECT_VERSION = 1;
				DEVELOPMENT_TEAM = 27976765KZ;
				GENERATE_INFOPLIST_FILE = YES;
				MARKETING_VERSION = 1.0;
				PRODUCT_BUNDLE_IDENTIFIER = furkankeskin.ProtocolOrientedUIKitUITests;
				PRODUCT_NAME = "$(TARGET_NAME)";
				SWIFT_EMIT_LOC_STRINGS = NO;
				SWIFT_VERSION = 5.0;
				TARGETED_DEVICE_FAMILY = "1,2";
				TEST_TARGET_NAME = ProtocolOrientedUIKit;
			};
			name = Release;
		};
/* End XCBuildConfiguration section */

/* Begin XCConfigurationList section */
		DC9924E529FABC5300FC3D87 /* Build configuration list for PBXProject "ProtocolOrientedUIKit" */ = {
			isa = XCConfigurationList;
			buildConfigurations = (
				DC99251229FABC5400FC3D87 /* Debug */,
				DC99251329FABC5400FC3D87 /* Release */,
			);
			defaultConfigurationIsVisible = 0;
			defaultConfigurationName = Release;
		};
		DC99251429FABC5400FC3D87 /* Build configuration list for PBXNativeTarget "ProtocolOrientedUIKit" */ = {
			isa = XCConfigurationList;
			buildConfigurations = (
				DC99251529FABC5400FC3D87 /* Debug */,
				DC99251629FABC5400FC3D87 /* Release */,
			);
			defaultConfigurationIsVisible = 0;
			defaultConfigurationName = Release;
		};
		DC99251729FABC5400FC3D87 /* Build configuration list for PBXNativeTarget "ProtocolOrientedUIKitTests" */ = {
			isa = XCConfigurationList;
			buildConfigurations = (
				DC99251829FABC5400FC3D87 /* Debug */,
				DC99251929FABC5400FC3D87 /* Release */,
			);
			defaultConfigurationIsVisible = 0;
			defaultConfigurationName = Release;
		};
		DC99251A29FABC5400FC3D87 /* Build configuration list for PBXNativeTarget "ProtocolOrientedUIKitUITests" */ = {
			isa = XCConfigurationList;
			buildConfigurations = (
				DC99251B29FABC5400FC3D87 /* Debug */,
				DC99251C29FABC5400FC3D87 /* Release */,
			);
			defaultConfigurationIsVisible = 0;
			defaultConfigurationName = Release;
		};
/* End XCConfigurationList section */
	};
	rootObject = DC9924E229FABC5300FC3D87 /* Project object */;
}
